
Microsoft Visual Studio Solution File, Format Version 12.00
# Visual Studio Version 17
VisualStudioVersion = 17.14.36202.13
MinimumVisualStudioVersion = 10.0.40219.1
Project("{8BC9CEB8-8B4A-11D0-8D11-00A0C91BC942}") = "СPlusPlusOsnovu", "СPlusPlusOsnovu.vcxproj", "{7C4F1140-7A9F-45B9-A8F7-2C8981CFD5E6}"
EndProject
Project("{2150E333-8FDC-42A3-9474-1A3956D46DE8}") = "docs", "docs", "{36D591C7-65C7-A0D1-1CBC-10CDE441BDC8}"
	ProjectSection(SolutionItems) = preProject
		docs\132 (145) How to measure code execution time.md = docs\132 (145) How to measure code execution time.md
		133 Simple_Code_lesson_(146 Функтори в с _ Что такое функцтор).md = 133 Simple_Code_lesson_(146 Функтори в с _ Что такое функцтор).md
	EndProjectSection
EndProject
Global
	GlobalSection(SolutionConfigurationPlatforms) = preSolution
		Debug|x64 = Debug|x64
		Debug|x86 = Debug|x86
		Release|x64 = Release|x64
		Release|x86 = Release|x86
	EndGlobalSection
	GlobalSection(ProjectConfigurationPlatforms) = postSolution
		{7C4F1140-7A9F-45B9-A8F7-2C8981CFD5E6}.Debug|x64.ActiveCfg = Debug|x64
		{7C4F1140-7A9F-45B9-A8F7-2C8981CFD5E6}.Debug|x64.Build.0 = Debug|x64
		{7C4F1140-7A9F-45B9-A8F7-2C8981CFD5E6}.Debug|x86.ActiveCfg = Debug|Win32
		{7C4F1140-7A9F-45B9-A8F7-2C8981CFD5E6}.Debug|x86.Build.0 = Debug|Win32
		{7C4F1140-7A9F-45B9-A8F7-2C8981CFD5E6}.Release|x64.ActiveCfg = Release|x64
		{7C4F1140-7A9F-45B9-A8F7-2C8981CFD5E6}.Release|x64.Build.0 = Release|x64
		{7C4F1140-7A9F-45B9-A8F7-2C8981CFD5E6}.Release|x86.ActiveCfg = Release|Win32
		{7C4F1140-7A9F-45B9-A8F7-2C8981CFD5E6}.Release|x86.Build.0 = Release|Win32
	EndGlobalSection
	GlobalSection(SolutionProperties) = preSolution
		HideSolutionNode = FALSE
	EndGlobalSection
	GlobalSection(ExtensibilityGlobals) = postSolution
		SolutionGuid = {BFD088D3-7122-402A-A8D4-12EDBE227FE8}
	EndGlobalSection
EndGlobal
